{
  "name": "gxlg-asyncdb",
  "version": "1.4.3",
  "lockfileVersion": 3,
  "requires": true,
  "packages": {
    "": {
      "name": "gxlg-asyncdb",
      "version": "1.4.3",
      "license": "MIT",
      "dependencies": {
        "gxlg-utils": "^1.1.2"
      }
    },
    "node_modules/gxlg-utils": {
      "version": "1.1.2",
      "resolved": "https://registry.npmjs.org/gxlg-utils/-/gxlg-utils-1.1.2.tgz",
      "integrity": "sha512-wgANPXKYbefhzDSZWy6VXVCrF2tUc2iACugF0ElBnwUK5VpY00AJWbZfTimJXNS79v7pTTgqu8o10+BjkAvK1g=="
    }
  }
}
