{
  "name": "gxlg-asyncdb",
  "version": "1.2.0",
  "lockfileVersion": 3,
  "requires": true,
  "packages": {
    "": {
      "name": "gxlg-asyncdb",
      "version": "1.2.0",
      "license": "MIT",
      "dependencies": {
        "gxlg-utils": "^1.1.0"
      }
    },
    "node_modules/gxlg-utils": {
      "version": "1.1.0",
      "resolved": "https://registry.npmjs.org/gxlg-utils/-/gxlg-utils-1.1.0.tgz",
      "integrity": "sha512-EPCuZA72iuMwYkELxK49UWAMiCESrG/g69dn6iSsEAYnZ395+MQn7jo40QBtJj4mCixFGGU4eXwtO2FZYTRpLA=="
    }
  }
}
